PODS:
  - DBCommonLib (2.2.3)
  - DBXFlowTTSLib (2.2.4):
    - DBCommonLib (~> 2.2.3)

DEPENDENCIES:
  - DBXFlowTTSLib (~> 2.2.4)

SPEC REPOS:
  trunk:
    - DBCommonLib
    - DBXFlowTTSLib

SPEC CHECKSUMS:
  DBCommonLib: 0541e78e7f6e0f52b6d2dc809fa15cfccf691f78
  DBXFlowTTSLib: 85d0276caa28514e89baad5b38ee64d10b085b91

PODFILE CHECKSUM: 6925b0e251ddbbcc51cd56d7f2c588ef5cd4e283

COCOAPODS: 1.10.1
